<?xml version="1.0" encoding="UTF-8" standalone="yes" ?>
<CodeBlocks_project_file>
	<FileVersion major="1" minor="6" />
	<Project>
		<Option title="CFA" />
		<Option pch_mode="2" />
		<Option compiler="gcc" />
		<Option virtualFolders="ControllerUsuario/;ControllerLogin/;ControllerVeiculo/;ControllerResidencia/;ControllerVisita/;ControllerContaPagar/;ControllerContaReceber/;ControllerBalanco/" />
		<Build>
			<Target title="Debug">
				<Option output="bin/Debug/CFA" prefix_auto="1" extension_auto="1" />
				<Option object_output="obj/Debug/" />
				<Option type="1" />
				<Option compiler="gcc" />
				<Compiler>
					<Add option="-g" />
				</Compiler>
			</Target>
			<Target title="Release">
				<Option output="bin/Release/CFA" prefix_auto="1" extension_auto="1" />
				<Option object_output="obj/Release/" />
				<Option type="1" />
				<Option compiler="gcc" />
				<Compiler>
					<Add option="-O2" />
				</Compiler>
				<Linker>
					<Add option="-s" />
				</Linker>
			</Target>
		</Build>
		<Compiler>
			<Add option="-Wall" />
		</Compiler>
		<Unit filename="dao_balanco.c">
			<Option compilerVar="CC" />
			<Option virtualFolder="ControllerBalanco/" />
		</Unit>
		<Unit filename="dao_balanco.h">
			<Option virtualFolder="ControllerBalanco/" />
		</Unit>
		<Unit filename="dao_conta_pagar.c">
			<Option compilerVar="CC" />
			<Option virtualFolder="ControllerContaPagar/" />
		</Unit>
		<Unit filename="dao_conta_pagar.h">
			<Option virtualFolder="ControllerContaPagar/" />
		</Unit>
		<Unit filename="dao_conta_receber.c">
			<Option compilerVar="CC" />
			<Option virtualFolder="ControllerContaReceber/" />
		</Unit>
		<Unit filename="dao_conta_receber.h">
			<Option virtualFolder="ControllerContaReceber/" />
		</Unit>
		<Unit filename="dao_residencia.c">
			<Option compilerVar="CC" />
			<Option virtualFolder="ControllerResidencia/" />
		</Unit>
		<Unit filename="dao_residencia.h">
			<Option virtualFolder="ControllerResidencia/" />
		</Unit>
		<Unit filename="dao_usuario.c">
			<Option compilerVar="CC" />
			<Option virtualFolder="ControllerUsuario/" />
		</Unit>
		<Unit filename="dao_usuario.h">
			<Option virtualFolder="ControllerUsuario/" />
		</Unit>
		<Unit filename="dao_veiculo.c">
			<Option compilerVar="CC" />
			<Option virtualFolder="ControllerVeiculo/" />
		</Unit>
		<Unit filename="dao_veiculo.h">
			<Option virtualFolder="ControllerVeiculo/" />
		</Unit>
		<Unit filename="dao_visita.c">
			<Option compilerVar="CC" />
			<Option virtualFolder="ControllerVisita/" />
		</Unit>
		<Unit filename="dao_visita.h">
			<Option virtualFolder="ControllerVisita/" />
		</Unit>
		<Unit filename="funcoes.c">
			<Option compilerVar="CC" />
		</Unit>
		<Unit filename="funcoes.h" />
		<Unit filename="login.c">
			<Option compilerVar="CC" />
			<Option virtualFolder="ControllerLogin/" />
		</Unit>
		<Unit filename="login.h">
			<Option virtualFolder="ControllerLogin/" />
		</Unit>
		<Unit filename="main.c">
			<Option compilerVar="CC" />
		</Unit>
		<Unit filename="struct.h" />
		<Unit filename="telaMenu.c">
			<Option compilerVar="CC" />
		</Unit>
		<Unit filename="telaMenu.h" />
		<Unit filename="view_balanco.c">
			<Option compilerVar="CC" />
			<Option virtualFolder="ControllerBalanco/" />
		</Unit>
		<Unit filename="view_balanco.h">
			<Option virtualFolder="ControllerBalanco/" />
		</Unit>
		<Unit filename="view_conta_pagar.c">
			<Option compilerVar="CC" />
			<Option virtualFolder="ControllerContaPagar/" />
		</Unit>
		<Unit filename="view_conta_pagar.h">
			<Option virtualFolder="ControllerContaPagar/" />
		</Unit>
		<Unit filename="view_conta_receber.c">
			<Option compilerVar="CC" />
			<Option virtualFolder="ControllerContaReceber/" />
		</Unit>
		<Unit filename="view_conta_receber.h">
			<Option virtualFolder="ControllerContaReceber/" />
		</Unit>
		<Unit filename="view_residencia.c">
			<Option compilerVar="CC" />
			<Option virtualFolder="ControllerResidencia/" />
		</Unit>
		<Unit filename="view_residencia.h">
			<Option virtualFolder="ControllerResidencia/" />
		</Unit>
		<Unit filename="view_usuario.c">
			<Option compilerVar="CC" />
			<Option virtualFolder="ControllerUsuario/" />
		</Unit>
		<Unit filename="view_usuario.h">
			<Option virtualFolder="ControllerUsuario/" />
		</Unit>
		<Unit filename="view_veiculo.c">
			<Option compilerVar="CC" />
			<Option virtualFolder="ControllerVeiculo/" />
		</Unit>
		<Unit filename="view_veiculo.h">
			<Option virtualFolder="ControllerVeiculo/" />
		</Unit>
		<Unit filename="view_visita.c">
			<Option compilerVar="CC" />
			<Option virtualFolder="ControllerVisita/" />
		</Unit>
		<Unit filename="view_visita.h">
			<Option virtualFolder="ControllerVisita/" />
		</Unit>
		<Extensions />
	</Project>
</CodeBlocks_project_file>
